
Microsoft Visual Studio Solution File, Format Version 12.00
Project("{FAE04EC0-301F-11D3-BF4B-00C04F79EFBC}") = "BasketBot", "BasketBot\BasketBot.csproj", "{B8536EC5-68B9-42C8-92E8-EB07E32FE0A0}"
EndProject
Project("{FAE04EC0-301F-11D3-BF4B-00C04F79EFBC}") = "BasketBotApi", "BasketBotApi\BasketBotApi.csproj", "{C7F69123-FE2A-422B-B75D-88FDF452E0F9}"
EndProject
Project("{FAE04EC0-301F-11D3-BF4B-00C04F79EFBC}") = "BasketBot.Services", "BasketBot.Services\BasketBot.Services.csproj", "{070FA81A-C927-4E95-AA95-AE2EEF1B87FB}"
EndProject
Project("{FAE04EC0-301F-11D3-BF4B-00C04F79EFBC}") = "BasketBot.Providers", "BasketBot.Providers\BasketBot.Providers.csproj", "{0625BF3C-1210-49B2-875E-DFDD4EAB2260}"
EndProject
Global
	GlobalSection(SolutionConfigurationPlatforms) = preSolution
		Debug|Any CPU = Debug|Any CPU
		Release|Any CPU = Release|Any CPU
	EndGlobalSection
	GlobalSection(ProjectConfigurationPlatforms) = postSolution
		{B8536EC5-68B9-42C8-92E8-EB07E32FE0A0}.Debug|Any CPU.ActiveCfg = Debug|Any CPU
		{B8536EC5-68B9-42C8-92E8-EB07E32FE0A0}.Debug|Any CPU.Build.0 = Debug|Any CPU
		{B8536EC5-68B9-42C8-92E8-EB07E32FE0A0}.Release|Any CPU.ActiveCfg = Release|Any CPU
		{B8536EC5-68B9-42C8-92E8-EB07E32FE0A0}.Release|Any CPU.Build.0 = Release|Any CPU
		{C7F69123-FE2A-422B-B75D-88FDF452E0F9}.Debug|Any CPU.ActiveCfg = Debug|Any CPU
		{C7F69123-FE2A-422B-B75D-88FDF452E0F9}.Debug|Any CPU.Build.0 = Debug|Any CPU
		{C7F69123-FE2A-422B-B75D-88FDF452E0F9}.Release|Any CPU.ActiveCfg = Release|Any CPU
		{C7F69123-FE2A-422B-B75D-88FDF452E0F9}.Release|Any CPU.Build.0 = Release|Any CPU
		{070FA81A-C927-4E95-AA95-AE2EEF1B87FB}.Debug|Any CPU.ActiveCfg = Debug|Any CPU
		{070FA81A-C927-4E95-AA95-AE2EEF1B87FB}.Debug|Any CPU.Build.0 = Debug|Any CPU
		{070FA81A-C927-4E95-AA95-AE2EEF1B87FB}.Release|Any CPU.ActiveCfg = Release|Any CPU
		{070FA81A-C927-4E95-AA95-AE2EEF1B87FB}.Release|Any CPU.Build.0 = Release|Any CPU
		{0625BF3C-1210-49B2-875E-DFDD4EAB2260}.Debug|Any CPU.ActiveCfg = Debug|Any CPU
		{0625BF3C-1210-49B2-875E-DFDD4EAB2260}.Debug|Any CPU.Build.0 = Debug|Any CPU
		{0625BF3C-1210-49B2-875E-DFDD4EAB2260}.Release|Any CPU.ActiveCfg = Release|Any CPU
		{0625BF3C-1210-49B2-875E-DFDD4EAB2260}.Release|Any CPU.Build.0 = Release|Any CPU
	EndGlobalSection
EndGlobal
